{
  "name": "wikibit",
  "version": "1.0.0",
  "lockfileVersion": 1,
  "requires": true,
  "dependencies": {
    "@ethersproject/abi": {
      "version": "5.0.12",
      "resolved": "https://registry.npmjs.org/@ethersproject/abi/-/abi-5.0.12.tgz",
      "integrity": "sha512-Ujr/3bwyYYjXLDQfebeiiTuvOw9XtUKM8av6YkoBeMXyGQM9GkjrQlwJMNwGTmqjATH/ZNbRgCh98GjOLiIB1Q==",
      "requires": {
        "@ethersproject/address": "^5.0.9",
        "@ethersproject/bignumber": "^5.0.13",
        "@ethersproject/bytes": "^5.0.9",
        "@ethersproject/constants": "^5.0.8",
        "@ethersproject/hash": "^5.0.10",
        "@ethersproject/keccak256": "^5.0.7",
        "@ethersproject/logger": "^5.0.8",
        "@ethersproject/properties": "^5.0.7",
        "@ethersproject/strings": "^5.0.8"
      }
    },
    "@ethersproject/abstract-provider": {
      "version": "5.0.9",
      "resolved": "https://registry.npmjs.org/@ethersproject/abstract-provider/-/abstract-provider-5.0.9.tgz",
      "integrity": "sha512-X9fMkqpeu9ayC3JyBkeeZhn35P4xQkpGX/l+FrxDtEW9tybf/UWXSMi8bGThpPtfJ6q6U2LDetXSpSwK4TfYQQ==",
      "requires": {
        "@ethersproject/bignumber": "^5.0.13",
        "@ethersproject/bytes": "^5.0.9",
        "@ethersproject/logger": "^5.0.8",
        "@ethersproject/networks": "^5.0.7",
        "@ethersproject/properties": "^5.0.7",
        "@ethersproject/transactions": "^5.0.9",
        "@ethersproject/web": "^5.0.12"
      }
    },
    "@ethersproject/abstract-signer": {
      "version": "5.0.13",
      "resolved": "https://registry.npmjs.org/@ethersproject/abstract-signer/-/abstract-signer-5.0.13.tgz",
      "integrity": "sha512-VBIZEI5OK0TURoCYyw0t3w+TEO4kdwnI9wvt4kqUwyxSn3YCRpXYVl0Xoe7XBR/e5+nYOi2MyFGJ3tsFwONecQ==",
      "requires": {
        "@ethersproject/abstract-provider": "^5.0.8",
        "@ethersproject/bignumber": "^5.0.13",
        "@ethersproject/bytes": "^5.0.9",
        "@ethersproject/logger": "^5.0.8",
        "@ethersproject/properties": "^5.0.7"
      }
    },
    "@ethersproject/address": {
      "version": "5.0.10",
      "resolved": "https://registry.npmjs.org/@ethersproject/address/-/address-5.0.10.tgz",
      "integrity": "sha512-70vqESmW5Srua1kMDIN6uVfdneZMaMyRYH4qPvkAXGkbicrCOsA9m01vIloA4wYiiF+HLEfL1ENKdn5jb9xiAw==",
      "requires": {
        "@ethersproject/bignumber": "^5.0.13",
        "@ethersproject/bytes": "^5.0.9",
        "@ethersproject/keccak256": "^5.0.7",
        "@ethersproject/logger": "^5.0.8",
        "@ethersproject/rlp": "^5.0.7"
      }
    },
    "@ethersproject/base64": {
      "version": "5.0.8",
      "resolved": "https://registry.npmjs.org/@ethersproject/base64/-/base64-5.0.8.tgz",
      "integrity": "sha512-PNbpHOMgZpZ1skvQl119pV2YkCPXmZTxw+T92qX0z7zaMFPypXWTZBzim+hUceb//zx4DFjeGT4aSjZRTOYThg==",
      "requires": {
        "@ethersproject/bytes": "^5.0.9"
      }
    },
    "@ethersproject/basex": {
      "version": "5.0.8",
      "resolved": "https://registry.npmjs.org/@ethersproject/basex/-/basex-5.0.8.tgz",
      "integrity": "sha512-PCVKZIShBQUqAXjJSvaCidThPvL0jaaQZcewJc0sf8Xx05BizaOS8r3jdPdpNdY+/qZtRDqwHTSKjvR/xssyLQ==",
      "requires": {
        "@ethersproject/bytes": "^5.0.9",
        "@ethersproject/properties": "^5.0.7"
      }
    },
    "@ethersproject/bignumber": {
      "version": "5.0.14",
      "resolved": "https://registry.npmjs.org/@ethersproject/bignumber/-/bignumber-5.0.14.tgz",
      "integrity": "sha512-Q4TjMq9Gg3Xzj0aeJWqJgI3tdEiPiET7Y5OtNtjTAODZ2kp4y9jMNg97zVcvPedFvGROdpGDyCI77JDFodUzOw==",
      "requires": {
        "@ethersproject/bytes": "^5.0.9",
        "@ethersproject/logger": "^5.0.8",
        "bn.js": "^4.4.0"
      }
    },
    "@ethersproject/bytes": {
      "version": "5.0.10",
      "resolved": "https://registry.npmjs.org/@ethersproject/bytes/-/bytes-5.0.10.tgz",
      "integrity": "sha512-vpu0v1LZ1j1s9kERQIMnVU69MyHEzUff7nqK9XuCU4vx+AM8n9lU2gj7jtJIvGSt9HzatK/6I6bWusI5nyuaTA==",
      "requires": {
        "@ethersproject/logger": "^5.0.8"
      }
    },
    "@ethersproject/constants": {
      "version": "5.0.9",
      "resolved": "https://registry.npmjs.org/@ethersproject/constants/-/constants-5.0.9.tgz",
      "integrity": "sha512-2uAKH89UcaJP/Sc+54u92BtJtZ4cPgcS1p0YbB1L3tlkavwNvth+kNCUplIB1Becqs7BOZr0B/3dMNjhJDy4Dg==",
      "requires": {
        "@ethersproject/bignumber": "^5.0.13"
      }
    },
    "@ethersproject/contracts": {
      "version": "5.0.11",
      "resolved": "https://registry.npmjs.org/@ethersproject/contracts/-/contracts-5.0.11.tgz",
      "integrity": "sha512-FTUUd/6x00dYL2VufE2VowZ7h3mAyBfCQMGwI3tKDIWka+C0CunllFiKrlYCdiHFuVeMotR65dIcnzbLn72MCw==",
      "requires": {
        "@ethersproject/abi": "^5.0.10",
        "@ethersproject/abstract-provider": "^5.0.8",
        "@ethersproject/abstract-signer": "^5.0.10",
        "@ethersproject/address": "^5.0.9",
        "@ethersproject/bignumber": "^5.0.13",
        "@ethersproject/bytes": "^5.0.9",
        "@ethersproject/constants": "^5.0.8",
        "@ethersproject/logger": "^5.0.8",
        "@ethersproject/properties": "^5.0.7"
      }
    },
    "@ethersproject/hash": {
      "version": "5.0.11",
      "resolved": "https://registry.npmjs.org/@ethersproject/hash/-/hash-5.0.11.tgz",
      "integrity": "sha512-H3KJ9fk33XWJ2djAW03IL7fg3DsDMYjO1XijiUb1hJ85vYfhvxu0OmsU7d3tg2Uv1H1kFSo8ghr3WFQ8c+NL3g==",
      "requires": {
        "@ethersproject/abstract-signer": "^5.0.10",
        "@ethersproject/address": "^5.0.9",
        "@ethersproject/bignumber": "^5.0.13",
        "@ethersproject/bytes": "^5.0.9",
        "@ethersproject/keccak256": "^5.0.7",
        "@ethersproject/logger": "^5.0.8",
        "@ethersproject/properties": "^5.0.7",
        "@ethersproject/strings": "^5.0.8"
      }
    },
    "@ethersproject/hdnode": {
      "version": "5.0.9",
      "resolved": "https://registry.npmjs.org/@ethersproject/hdnode/-/hdnode-5.0.9.tgz",
      "integrity": "sha512-S5UMmIC6XfFtqhUK4uTjD8GPNzSbE+sZ/0VMqFnA3zAJ+cEFZuEyhZDYnl2ItGJzjT4jsy+uEy1SIl3baYK1PQ==",
      "requires": {
        "@ethersproject/abstract-signer": "^5.0.10",
        "@ethersproject/basex": "^5.0.7",
        "@ethersproject/bignumber": "^5.0.13",
        "@ethersproject/bytes": "^5.0.9",
        "@ethersproject/logger": "^5.0.8",
        "@ethersproject/pbkdf2": "^5.0.7",
        "@ethersproject/properties": "^5.0.7",
        "@ethersproject/sha2": "^5.0.7",
        "@ethersproject/signing-key": "^5.0.8",
        "@ethersproject/strings": "^5.0.8",
        "@ethersproject/transactions": "^5.0.9",
        "@ethersproject/wordlists": "^5.0.8"
      }
    },
    "@ethersproject/json-wallets": {
      "version": "5.0.11",
      "resolved": "https://registry.npmjs.org/@ethersproject/json-wallets/-/json-wallets-5.0.11.tgz",
      "integrity": "sha512-0GhWScWUlXXb4qJNp0wmkU95QS3YdN9UMOfMSEl76CRANWWrmyzxcBVSXSBu5iQ0/W8wO+xGlJJ3tpA6v3mbIw==",
      "requires": {
        "@ethersproject/abstract-signer": "^5.0.10",
        "@ethersproject/address": "^5.0.9",
        "@ethersproject/bytes": "^5.0.9",
        "@ethersproject/hdnode": "^5.0.8",
        "@ethersproject/keccak256": "^5.0.7",
        "@ethersproject/logger": "^5.0.8",
        "@ethersproject/pbkdf2": "^5.0.7",
        "@ethersproject/properties": "^5.0.7",
        "@ethersproject/random": "^5.0.7",
        "@ethersproject/strings": "^5.0.8",
        "@ethersproject/transactions": "^5.0.9",
        "aes-js": "3.0.0",
        "scrypt-js": "3.0.1"
      }
    },
    "@ethersproject/keccak256": {
      "version": "5.0.8",
      "resolved": "https://registry.npmjs.org/@ethersproject/keccak256/-/keccak256-5.0.8.tgz",
      "integrity": "sha512-zoGbwXcWWs9MX4NOAZ7N0hhgIRl4Q/IO/u9c/RHRY4WqDy3Ywm0OLamEV53QDwhjwn3YiiVwU1Ve5j7yJ0a/KQ==",
      "requires": {
        "@ethersproject/bytes": "^5.0.9",
        "js-sha3": "0.5.7"
      }
    },
    "@ethersproject/logger": {
      "version": "5.0.9",
      "resolved": "https://registry.npmjs.org/@ethersproject/logger/-/logger-5.0.9.tgz",
      "integrity": "sha512-kV3Uamv3XOH99Xf3kpIG3ZkS7mBNYcLDM00JSDtNgNB4BihuyxpQzIZPRIDmRi+95Z/R1Bb0X2kUNHa/kJoVrw=="
    },
    "@ethersproject/networks": {
      "version": "5.0.8",
      "resolved": "https://registry.npmjs.org/@ethersproject/networks/-/networks-5.0.8.tgz",
      "integrity": "sha512-PYpptlO2Tu5f/JEBI5hdlMds5k1DY1QwVbh3LKPb3un9dQA2bC51vd2/gRWAgSBpF3kkmZOj4FhD7ATLX4H+DA==",
      "requires": {
        "@ethersproject/logger": "^5.0.8"
      }
    },
    "@ethersproject/pbkdf2": {
      "version": "5.0.8",
      "resolved": "https://registry.npmjs.org/@ethersproject/pbkdf2/-/pbkdf2-5.0.8.tgz",
      "integrity": "sha512-UlmAMGbIPaS2xXsI38FbePVTfJMuU9jnwcqVn3p88HxPF4kD897ha+l3TNsBqJqf32UbQL5GImnf1oJkSKq4vQ==",
      "requires": {
        "@ethersproject/bytes": "^5.0.9",
        "@ethersproject/sha2": "^5.0.7"
      }
    },
    "@ethersproject/properties": {
      "version": "5.0.8",
      "resolved": "https://registry.npmjs.org/@ethersproject/properties/-/properties-5.0.8.tgz",
      "integrity": "sha512-zEnLMze2Eu2VDPj/05QwCwMKHh506gpT9PP9KPVd4dDB+5d6AcROUYVLoIIQgBYK7X/Gw0UJmG3oVtnxOQafAw==",
      "requires": {
        "@ethersproject/logger": "^5.0.8"
      }
    },
    "@ethersproject/providers": {
      "version": "5.0.23",
      "resolved": "https://registry.npmjs.org/@ethersproject/providers/-/providers-5.0.23.tgz",
      "integrity": "sha512-eJ94z2tgPaUgUmxwd3BVkIzkgkbNIkY6wRPVas04LVaBTycObQbgj794aaUu2bfk7+Bn2B/gjUZtJW1ybxh9/A==",
      "requires": {
        "@ethersproject/abstract-provider": "^5.0.8",
        "@ethersproject/abstract-signer": "^5.0.10",
        "@ethersproject/address": "^5.0.9",
        "@ethersproject/basex": "^5.0.7",
        "@ethersproject/bignumber": "^5.0.13",
        "@ethersproject/bytes": "^5.0.9",
        "@ethersproject/constants": "^5.0.8",
        "@ethersproject/hash": "^5.0.10",
        "@ethersproject/logger": "^5.0.8",
        "@ethersproject/networks": "^5.0.7",
        "@ethersproject/properties": "^5.0.7",
        "@ethersproject/random": "^5.0.7",
        "@ethersproject/rlp": "^5.0.7",
        "@ethersproject/sha2": "^5.0.7",
        "@ethersproject/strings": "^5.0.8",
        "@ethersproject/transactions": "^5.0.9",
        "@ethersproject/web": "^5.0.12",
        "bech32": "1.1.4",
        "ws": "7.2.3"
      }
    },
    "@ethersproject/random": {
      "version": "5.0.8",
      "resolved": "https://registry.npmjs.org/@ethersproject/random/-/random-5.0.8.tgz",
      "integrity": "sha512-4rHtotmd9NjklW0eDvByicEkL+qareIyFSbG1ShC8tPJJSAC0g55oQWzw+3nfdRCgBHRuEE7S8EcPcTVPvZ9cA==",
      "requires": {
        "@ethersproject/bytes": "^5.0.9",
        "@ethersproject/logger": "^5.0.8"
      }
    },
    "@ethersproject/rlp": {
      "version": "5.0.8",
      "resolved": "https://registry.npmjs.org/@ethersproject/rlp/-/rlp-5.0.8.tgz",
      "integrity": "sha512-E4wdFs8xRNJfzNHmnkC8w5fPeT4Wd1U2cust3YeT16/46iSkLT8nn8ilidC6KhR7hfuSZE4UqSPzyk76p7cdZg==",
      "requires": {
        "@ethersproject/bytes": "^5.0.9",
        "@ethersproject/logger": "^5.0.8"
      }
    },
    "@ethersproject/sha2": {
      "version": "5.0.8",
      "resolved": "https://registry.npmjs.org/@ethersproject/sha2/-/sha2-5.0.8.tgz",
      "integrity": "sha512-ILP1ZgyvDj4rrdE+AXrTv9V88m7x87uga2VZ/FeULKPumOEw/4bGnJz/oQ8zDnDvVYRCJ+48VaQBS2CFLbk1ww==",
      "requires": {
        "@ethersproject/bytes": "^5.0.9",
        "@ethersproject/logger": "^5.0.8",
        "hash.js": "1.1.3"
      },
      "dependencies": {
        "hash.js": {
          "version": "1.1.3",
          "resolved": "https://registry.npmjs.org/hash.js/-/hash.js-1.1.3.tgz",
          "integrity": "sha512-/UETyP0W22QILqS+6HowevwhEFJ3MBJnwTf75Qob9Wz9t0DPuisL8kW8YZMK62dHAKE1c1p+gY1TtOLY+USEHA==",
          "requires": {
            "inherits": "^2.0.3",
            "minimalistic-assert": "^1.0.0"
          }
        }
      }
    },
    "@ethersproject/signing-key": {
      "version": "5.0.10",
      "resolved": "https://registry.npmjs.org/@ethersproject/signing-key/-/signing-key-5.0.10.tgz",
      "integrity": "sha512-w5it3GbFOvN6e0mTd5gDNj+bwSe6L9jqqYjU+uaYS8/hAEp4qYLk5p8ZjbJJkNn7u1p0iwocp8X9oH/OdK8apA==",
      "requires": {
        "@ethersproject/bytes": "^5.0.9",
        "@ethersproject/logger": "^5.0.8",
        "@ethersproject/properties": "^5.0.7",
        "elliptic": "6.5.4"
      }
    },
    "@ethersproject/solidity": {
      "version": "5.0.9",
      "resolved": "https://registry.npmjs.org/@ethersproject/solidity/-/solidity-5.0.9.tgz",
      "integrity": "sha512-LIxSAYEQgLRXE3mRPCq39ou61kqP8fDrGqEeNcaNJS3aLbmAOS8MZp56uK++WsdI9hj8sNsFh78hrAa6zR9Jag==",
      "requires": {
        "@ethersproject/bignumber": "^5.0.13",
        "@ethersproject/bytes": "^5.0.9",
        "@ethersproject/keccak256": "^5.0.7",
        "@ethersproject/sha2": "^5.0.7",
        "@ethersproject/strings": "^5.0.8"
      }
    },
    "@ethersproject/strings": {
      "version": "5.0.9",
      "resolved": "https://registry.npmjs.org/@ethersproject/strings/-/strings-5.0.9.tgz",
      "integrity": "sha512-ogxBpcUpdO524CYs841MoJHgHxEPUy0bJFDS4Ezg8My+WYVMfVAOlZSLss0Rurbeeam8CpUVDzM4zUn09SU66Q==",
      "requires": {
        "@ethersproject/bytes": "^5.0.9",
        "@ethersproject/constants": "^5.0.8",
        "@ethersproject/logger": "^5.0.8"
      }
    },
    "@ethersproject/transactions": {
      "version": "5.0.10",
      "resolved": "https://registry.npmjs.org/@ethersproject/transactions/-/transactions-5.0.10.tgz",
      "integrity": "sha512-Tqpp+vKYQyQdJQQk4M73tDzO7ODf2D42/sJOcKlDAAbdSni13v6a+31hUdo02qYXhVYwIs+ZjHnO4zKv5BNk8w==",
      "requires": {
        "@ethersproject/address": "^5.0.9",
        "@ethersproject/bignumber": "^5.0.13",
        "@ethersproject/bytes": "^5.0.9",
        "@ethersproject/constants": "^5.0.8",
        "@ethersproject/keccak256": "^5.0.7",
        "@ethersproject/logger": "^5.0.8",
        "@ethersproject/properties": "^5.0.7",
        "@ethersproject/rlp": "^5.0.7",
        "@ethersproject/signing-key": "^5.0.8"
      }
    },
    "@ethersproject/units": {
      "version": "5.0.10",
      "resolved": "https://registry.npmjs.org/@ethersproject/units/-/units-5.0.10.tgz",
      "integrity": "sha512-eaiHi9ham5lbC7qpqxpae7OY/nHJUnRUnFFuEwi2VB5Nwe3Np468OAV+e+HR+jAK4fHXQE6PFBTxWGtnZuO37g==",
      "requires": {
        "@ethersproject/bignumber": "^5.0.13",
        "@ethersproject/constants": "^5.0.8",
        "@ethersproject/logger": "^5.0.8"
      }
    },
    "@ethersproject/wallet": {
      "version": "5.0.11",
      "resolved": "https://registry.npmjs.org/@ethersproject/wallet/-/wallet-5.0.11.tgz",
      "integrity": "sha512-2Fg/DOvUltR7aZTOyWWlQhru+SKvq2UE3uEhXSyCFgMqDQNuc2nHXh1SHJtN65jsEbjVIppOe1Q7EQMvhmeeRw==",
      "requires": {
        "@ethersproject/abstract-provider": "^5.0.8",
        "@ethersproject/abstract-signer": "^5.0.10",
        "@ethersproject/address": "^5.0.9",
        "@ethersproject/bignumber": "^5.0.13",
        "@ethersproject/bytes": "^5.0.9",
        "@ethersproject/hash": "^5.0.10",
        "@ethersproject/hdnode": "^5.0.8",
        "@ethersproject/json-wallets": "^5.0.10",
        "@ethersproject/keccak256": "^5.0.7",
        "@ethersproject/logger": "^5.0.8",
        "@ethersproject/properties": "^5.0.7",
        "@ethersproject/random": "^5.0.7",
        "@ethersproject/signing-key": "^5.0.8",
        "@ethersproject/transactions": "^5.0.9",
        "@ethersproject/wordlists": "^5.0.8"
      }
    },
    "@ethersproject/web": {
      "version": "5.0.13",
      "resolved": "https://registry.npmjs.org/@ethersproject/web/-/web-5.0.13.tgz",
      "integrity": "sha512-G3x/Ns7pQm21ALnWLbdBI5XkW/jrsbXXffI9hKNPHqf59mTxHYtlNiSwxdoTSwCef3Hn7uvGZpaSgTyxs7IufQ==",
      "requires": {
        "@ethersproject/base64": "^5.0.7",
        "@ethersproject/bytes": "^5.0.9",
        "@ethersproject/logger": "^5.0.8",
        "@ethersproject/properties": "^5.0.7",
        "@ethersproject/strings": "^5.0.8"
      }
    },
    "@ethersproject/wordlists": {
      "version": "5.0.9",
      "resolved": "https://registry.npmjs.org/@ethersproject/wordlists/-/wordlists-5.0.9.tgz",
      "integrity": "sha512-Sn6MTjZkfbriod6GG6+p43W09HOXT4gwcDVNj0YoPYlo4Zq2Fk6b1CU9KUX3c6aI17PrgYb4qwZm5BMuORyqyQ==",
      "requires": {
        "@ethersproject/bytes": "^5.0.9",
        "@ethersproject/hash": "^5.0.10",
        "@ethersproject/logger": "^5.0.8",
        "@ethersproject/properties": "^5.0.7",
        "@ethersproject/strings": "^5.0.8"
      }
    },
    "aes-js": {
      "version": "3.0.0",
      "resolved": "https://registry.npmjs.org/aes-js/-/aes-js-3.0.0.tgz",
      "integrity": "sha1-4h3xCtbCBTKVvLuNq0Cwnb6ofk0="
    },
    "axios": {
      "version": "0.21.1",
      "resolved": "https://registry.npmjs.org/axios/-/axios-0.21.1.tgz",
      "integrity": "sha512-dKQiRHxGD9PPRIUNIWvZhPTPpl1rf/OxTYKsqKUDjBwYylTvV7SjSHJb9ratfyzM6wCdLCOYLzs73qpg5c4iGA==",
      "requires": {
        "follow-redirects": "^1.10.0"
      }
    },
    "bech32": {
      "version": "1.1.4",
      "resolved": "https://registry.npmjs.org/bech32/-/bech32-1.1.4.tgz",
      "integrity": "sha512-s0IrSOzLlbvX7yp4WBfPITzpAU8sqQcpsmwXDiKwrG4r491vwCO/XpejasRNl0piBMe/DvP4Tz0mIS/X1DPJBQ=="
    },
    "bn.js": {
      "version": "4.12.0",
      "resolved": "https://registry.npmjs.org/bn.js/-/bn.js-4.12.0.tgz",
      "integrity": "sha512-c98Bf3tPniI+scsdk237ku1Dc3ujXQTSgyiPUDEOe7tRkhrqridvh8klBv0HCEso1OLOYcHuCv/cS6DNxKH+ZA=="
    },
    "brorand": {
      "version": "1.1.0",
      "resolved": "https://registry.npmjs.org/brorand/-/brorand-1.1.0.tgz",
      "integrity": "sha1-EsJe/kCkXjwyPrhnWgoM5XsiNx8="
    },
    "clamp": {
      "version": "1.0.1",
      "resolved": "https://registry.npmjs.org/clamp/-/clamp-1.0.1.tgz",
      "integrity": "sha1-ZqDmQBGBbjcZaCj9yMjBRzEshjQ="
    },
    "crypto-random-string": {
      "version": "3.3.1",
      "resolved": "https://registry.npmjs.org/crypto-random-string/-/crypto-random-string-3.3.1.tgz",
      "integrity": "sha512-5j88ECEn6h17UePrLi6pn1JcLtAiANa3KExyr9y9Z5vo2mv56Gh3I4Aja/B9P9uyMwyxNHAHWv+nE72f30T5Dg==",
      "requires": {
        "type-fest": "^0.8.1"
      }
    },
    "drange": {
      "version": "1.1.1",
      "resolved": "https://registry.npmjs.org/drange/-/drange-1.1.1.tgz",
      "integrity": "sha512-pYxfDYpued//QpnLIm4Avk7rsNtAtQkUES2cwAYSvD/wd2pKD71gN2Ebj3e7klzXwjocvE8c5vx/1fxwpqmSxA=="
    },
    "elliptic": {
      "version": "6.5.4",
      "resolved": "https://registry.npmjs.org/elliptic/-/elliptic-6.5.4.tgz",
      "integrity": "sha512-iLhC6ULemrljPZb+QutR5TQGB+pdW6KGD5RSegS+8sorOZT+rdQFbsQFJgvN3eRqNALqJer4oQ16YvJHlU8hzQ==",
      "requires": {
        "bn.js": "^4.11.9",
        "brorand": "^1.1.0",
        "hash.js": "^1.0.0",
        "hmac-drbg": "^1.0.1",
        "inherits": "^2.0.4",
        "minimalistic-assert": "^1.0.1",
        "minimalistic-crypto-utils": "^1.0.1"
      }
    },
    "ethers": {
      "version": "5.0.31",
      "resolved": "https://registry.npmjs.org/ethers/-/ethers-5.0.31.tgz",
      "integrity": "sha512-zpq0YbNFLFn+t+ibS8UkVWFeK5w6rVMSvbSHrHAQslfazovLnQ/mc2gdN5+6P45/k8fPgHrfHrYvJ4XvyK/S1A==",
      "requires": {
        "@ethersproject/abi": "5.0.12",
        "@ethersproject/abstract-provider": "5.0.9",
        "@ethersproject/abstract-signer": "5.0.13",
        "@ethersproject/address": "5.0.10",
        "@ethersproject/base64": "5.0.8",
        "@ethersproject/basex": "5.0.8",
        "@ethersproject/bignumber": "5.0.14",
        "@ethersproject/bytes": "5.0.10",
        "@ethersproject/constants": "5.0.9",
        "@ethersproject/contracts": "5.0.11",
        "@ethersproject/hash": "5.0.11",
        "@ethersproject/hdnode": "5.0.9",
        "@ethersproject/json-wallets": "5.0.11",
        "@ethersproject/keccak256": "5.0.8",
        "@ethersproject/logger": "5.0.9",
        "@ethersproject/networks": "5.0.8",
        "@ethersproject/pbkdf2": "5.0.8",
        "@ethersproject/properties": "5.0.8",
        "@ethersproject/providers": "5.0.23",
        "@ethersproject/random": "5.0.8",
        "@ethersproject/rlp": "5.0.8",
        "@ethersproject/sha2": "5.0.8",
        "@ethersproject/signing-key": "5.0.10",
        "@ethersproject/solidity": "5.0.9",
        "@ethersproject/strings": "5.0.9",
        "@ethersproject/transactions": "5.0.10",
        "@ethersproject/units": "5.0.10",
        "@ethersproject/wallet": "5.0.11",
        "@ethersproject/web": "5.0.13",
        "@ethersproject/wordlists": "5.0.9"
      }
    },
    "follow-redirects": {
      "version": "1.13.2",
      "resolved": "https://registry.npmjs.org/follow-redirects/-/follow-redirects-1.13.2.tgz",
      "integrity": "sha512-6mPTgLxYm3r6Bkkg0vNM0HTjfGrOEtsfbhagQvbxDEsEkpNhw582upBaoRZylzen6krEmxXJgt9Ju6HiI4O7BA=="
    },
    "has-symbols": {
      "version": "1.0.1",
      "resolved": "https://registry.npmjs.org/has-symbols/-/has-symbols-1.0.1.tgz",
      "integrity": "sha512-PLcsoqu++dmEIZB+6totNFKq/7Do+Z0u4oT0zKOJNl3lYK6vGwwu2hjHs+68OEZbTjiUE9bgOABXbP/GvrS0Kg=="
    },
    "hash.js": {
      "version": "1.1.7",
      "resolved": "https://registry.npmjs.org/hash.js/-/hash.js-1.1.7.tgz",
      "integrity": "sha512-taOaskGt4z4SOANNseOviYDvjEJinIkRgmp7LbKP2YTTmVxWBl87s/uzK9r+44BclBSp2X7K1hqeNfz9JbBeXA==",
      "requires": {
        "inherits": "^2.0.3",
        "minimalistic-assert": "^1.0.1"
      }
    },
    "hmac-drbg": {
      "version": "1.0.1",
      "resolved": "https://registry.npmjs.org/hmac-drbg/-/hmac-drbg-1.0.1.tgz",
      "integrity": "sha1-0nRXAQJabHdabFRXk+1QL8DGSaE=",
      "requires": {
        "hash.js": "^1.0.3",
        "minimalistic-assert": "^1.0.0",
        "minimalistic-crypto-utils": "^1.0.1"
      }
    },
    "inherits": {
      "version": "2.0.4",
      "resolved": "https://registry.npmjs.org/inherits/-/inherits-2.0.4.tgz",
      "integrity": "sha512-k/vGaX4/Yla3WzyMCvTQOXYeIHvqOKtnqBduzTHpzpQZzAskKMhZ2K+EnBiSM9zGSoIFeMpXKxa4dYeZIQqewQ=="
    },
    "is-function": {
      "version": "1.0.2",
      "resolved": "https://registry.npmjs.org/is-function/-/is-function-1.0.2.tgz",
      "integrity": "sha512-lw7DUp0aWXYg+CBCN+JKkcE0Q2RayZnSvnZBlwgxHBQhqt5pZNVy4Ri7H9GmmXkdu7LUthszM+Tor1u/2iBcpQ=="
    },
    "is-nil": {
      "version": "1.0.1",
      "resolved": "https://registry.npmjs.org/is-nil/-/is-nil-1.0.1.tgz",
      "integrity": "sha1-LauingtYUGOHXntTnQcfWxWTeWk="
    },
    "is-object": {
      "version": "1.0.2",
      "resolved": "https://registry.npmjs.org/is-object/-/is-object-1.0.2.tgz",
      "integrity": "sha512-2rRIahhZr2UWb45fIOuvZGpFtz0TyOZLf32KxBbSoUCeZR495zCKlWUKKUByk3geS2eAs7ZAABt0Y/Rx0GiQGA=="
    },
    "is-symbol": {
      "version": "1.0.3",
      "resolved": "https://registry.npmjs.org/is-symbol/-/is-symbol-1.0.3.tgz",
      "integrity": "sha512-OwijhaRSgqvhm/0ZdAcXNZt9lYdKFpcRDT5ULUuYXPoT794UNOdU+gpT6Rzo7b4V2HUl/op6GqY894AZwv9faQ==",
      "requires": {
        "has-symbols": "^1.0.1"
      }
    },
    "js-sha3": {
      "version": "0.5.7",
      "resolved": "https://registry.npmjs.org/js-sha3/-/js-sha3-0.5.7.tgz",
      "integrity": "sha1-DU/9gALVMzqrr0oj7tL2N0yfKOc="
    },
    "json-stringify-safe": {
      "version": "5.0.1",
      "resolved": "https://registry.npmjs.org/json-stringify-safe/-/json-stringify-safe-5.0.1.tgz",
      "integrity": "sha1-Epai1Y/UXxmg9s4B1lcB4sc1tus="
    },
    "max-safe-int": {
      "version": "1.0.0",
      "resolved": "https://registry.npmjs.org/max-safe-int/-/max-safe-int-1.0.0.tgz",
      "integrity": "sha1-RPuo7Jk97ZH7LFo15xz5yfNpzlI="
    },
    "minimalistic-assert": {
      "version": "1.0.1",
      "resolved": "https://registry.npmjs.org/minimalistic-assert/-/minimalistic-assert-1.0.1.tgz",
      "integrity": "sha512-UtJcAD4yEaGtjPezWuO9wC4nwUnVH/8/Im3yEHQP4b67cXlD/Qr9hdITCU1xDbSEXg2XKNaP8jsReV7vQd00/A=="
    },
    "minimalistic-crypto-utils": {
      "version": "1.0.1",
      "resolved": "https://registry.npmjs.org/minimalistic-crypto-utils/-/minimalistic-crypto-utils-1.0.1.tgz",
      "integrity": "sha1-9sAMHAsIIkblxNmd+4x8CDsrWCo="
    },
    "randexp": {
      "version": "0.5.3",
      "resolved": "https://registry.npmjs.org/randexp/-/randexp-0.5.3.tgz",
      "integrity": "sha512-U+5l2KrcMNOUPYvazA3h5ekF80FHTUG+87SEAmHZmolh1M+i/WyTCxVzmi+tidIa1tM4BSe8g2Y/D3loWDjj+w==",
      "requires": {
        "drange": "^1.0.2",
        "ret": "^0.2.0"
      }
    },
    "random-integral": {
      "version": "1.0.3",
      "resolved": "https://registry.npmjs.org/random-integral/-/random-integral-1.0.3.tgz",
      "integrity": "sha1-j/PBF1ZcmgS2bd1VnzrtKb0PD2w=",
      "requires": {
        "clamp": "^1.0.1",
        "max-safe-int": "^1.0.0",
        "to-integer": "^1.0.1"
      }
    },
    "random-ipv4": {
      "version": "1.0.2",
      "resolved": "https://registry.npmjs.org/random-ipv4/-/random-ipv4-1.0.2.tgz",
      "integrity": "sha1-zmi62cgXjPHSQ45G2ytoe7aJQAY=",
      "requires": {
        "clamp": "^1.0.1",
        "random-natural": "^1.0.3"
      }
    },
    "random-natural": {
      "version": "1.0.3",
      "resolved": "https://registry.npmjs.org/random-natural/-/random-natural-1.0.3.tgz",
      "integrity": "sha1-7yhhWwPCy3Gq6/fyT0hyZqRDxcA=",
      "requires": {
        "max-safe-int": "^1.0.0",
        "random-integral": "^1.0.3"
      }
    },
    "random-seed": {
      "version": "0.3.0",
      "resolved": "https://registry.npmjs.org/random-seed/-/random-seed-0.3.0.tgz",
      "integrity": "sha1-2UXy4fOPSejViRNDG4v2u5N1Vs0=",
      "requires": {
        "json-stringify-safe": "^5.0.1"
      }
    },
    "random-useragent": {
      "version": "0.5.0",
      "resolved": "https://registry.npmjs.org/random-useragent/-/random-useragent-0.5.0.tgz",
      "integrity": "sha512-FUMkqVdZeoSff5tErNL3FFGYXElDWZ1bEuedhm5u9MdCFwANriJWbHvDRYrLTOzp/fBsBGu5J1cWtDgifa97aQ==",
      "requires": {
        "random-seed": "^0.3.0"
      }
    },
    "ret": {
      "version": "0.2.2",
      "resolved": "https://registry.npmjs.org/ret/-/ret-0.2.2.tgz",
      "integrity": "sha512-M0b3YWQs7R3Z917WRQy1HHA7Ba7D8hvZg6UE5mLykJxQVE2ju0IXbGlaHPPlkY+WN7wFP+wUMXmBFA0aV6vYGQ=="
    },
    "scrypt-js": {
      "version": "3.0.1",
      "resolved": "https://registry.npmjs.org/scrypt-js/-/scrypt-js-3.0.1.tgz",
      "integrity": "sha512-cdwTTnqPu0Hyvf5in5asVdZocVDTNRmR7XEcJuIzMjJeSHybHl7vpB66AzwTaIg6CLSbtjcxc8fqcySfnTkccA=="
    },
    "to-integer": {
      "version": "1.0.1",
      "resolved": "https://registry.npmjs.org/to-integer/-/to-integer-1.0.1.tgz",
      "integrity": "sha1-URrUHc5qk3MKjztuNaFk/YKUZNo=",
      "requires": {
        "is-function": "^1.0.1",
        "is-nil": "^1.0.0",
        "is-object": "^1.0.1",
        "is-symbol": "^1.0.1"
      }
    },
    "type-fest": {
      "version": "0.8.1",
      "resolved": "https://registry.npmjs.org/type-fest/-/type-fest-0.8.1.tgz",
      "integrity": "sha512-4dbzIzqvjtgiM5rw1k5rEHtBANKmdudhGyBEajN01fEyhaAIhsoKNy6y7+IN93IfpFtwY9iqi7kD+xwKhQsNJA=="
    },
    "ws": {
      "version": "7.2.3",
      "resolved": "https://registry.npmjs.org/ws/-/ws-7.2.3.tgz",
      "integrity": "sha512-HTDl9G9hbkNDk98naoR/cHDws7+EyYMOdL1BmjsZXRUjf7d+MficC4B7HLUPlSiho0vg+CWKrGIt/VJBd1xunQ=="
    }
  }
}
